
Microsoft Visual Studio Solution File, Format Version 12.00
# Visual Studio Version 17
VisualStudioVersion = 17.7.34031.279
MinimumVisualStudioVersion = 10.0.40219.1
Project("{FAE04EC0-301F-11D3-BF4B-00C04F79EFBC}") = "RocksDBBrowser", "src\RocksDBBrowser.csproj", "{5044AB48-CBE3-42D6-B577-E136DB0FCE13}"
EndProject
Global
	GlobalSection(SolutionConfigurationPlatforms) = preSolution
		Debug|Any CPU = Debug|Any CPU
		Release|Any CPU = Release|Any CPU
	EndGlobalSection
	GlobalSection(ProjectConfigurationPlatforms) = postSolution
		{5044AB48-CBE3-42D6-B577-E136DB0FCE13}.Debug|Any CPU.ActiveCfg = Debug|Any CPU
		{5044AB48-CBE3-42D6-B577-E136DB0FCE13}.Debug|Any CPU.Build.0 = Debug|Any CPU
		{5044AB48-CBE3-42D6-B577-E136DB0FCE13}.Release|Any CPU.ActiveCfg = Release|Any CPU
		{5044AB48-CBE3-42D6-B577-E136DB0FCE13}.Release|Any CPU.Build.0 = Release|Any CPU
	EndGlobalSection
	GlobalSection(SolutionProperties) = preSolution
		HideSolutionNode = FALSE
	EndGlobalSection
	GlobalSection(ExtensibilityGlobals) = postSolution
		SolutionGuid = {F2CF399A-1DBB-48DE-8306-BA865959A084}
	EndGlobalSection
EndGlobal
